
Microsoft Visual Studio Solution File, Format Version 12.00
# Visual Studio 15
VisualStudioVersion = 15.0.28307.136
MinimumVisualStudioVersion = 10.0.40219.1
Project("{FAE04EC0-301F-11D3-BF4B-00C04F79EFBC}") = "passionProject_n01333782", "passionProject_n01333782\passionProject_n01333782.csproj", "{66D43EC3-8CCB-42C1-96F9-80E5DB1539A8}"
EndProject
Global
	GlobalSection(SolutionConfigurationPlatforms) = preSolution
		Debug|Any CPU = Debug|Any CPU
		Release|Any CPU = Release|Any CPU
	EndGlobalSection
	GlobalSection(ProjectConfigurationPlatforms) = postSolution
		{66D43EC3-8CCB-42C1-96F9-80E5DB1539A8}.Debug|Any CPU.ActiveCfg = Debug|Any CPU
		{66D43EC3-8CCB-42C1-96F9-80E5DB1539A8}.Debug|Any CPU.Build.0 = Debug|Any CPU
		{66D43EC3-8CCB-42C1-96F9-80E5DB1539A8}.Release|Any CPU.ActiveCfg = Release|Any CPU
		{66D43EC3-8CCB-42C1-96F9-80E5DB1539A8}.Release|Any CPU.Build.0 = Release|Any CPU
	EndGlobalSection
	GlobalSection(SolutionProperties) = preSolution
		HideSolutionNode = FALSE
	EndGlobalSection
	GlobalSection(ExtensibilityGlobals) = postSolution
		SolutionGuid = {8137A6D8-7CC6-469F-82BD-2D57273E8A6A}
	EndGlobalSection
EndGlobal
